// !$*UTF8*$!
{
	archiveVersion = 1;
	classes = {
	};
	objectVersion = 55;
	objects = {

/* Begin PBXBuildFile section */
		158016D227EA460300852317 /* Tests_iOS.swift in Sources */ = {isa = PBXBuildFile; fileRef = 158016D127EA460300852317 /* Tests_iOS.swift */; };
		158016D427EA460300852317 /* Tests_iOSLaunchTests.swift in Sources */ = {isa = PBXBuildFile; fileRef = 158016D327EA460300852317 /* Tests_iOSLaunchTests.swift */; };
		158016DE27EA460300852317 /* Tests_macOS.swift in Sources */ = {isa = PBXBuildFile; fileRef = 158016DD27EA460300852317 /* Tests_macOS.swift */; };
		158016E027EA460300852317 /* Tests_macOSLaunchTests.swift in Sources */ = {isa = PBXBuildFile; fileRef = 158016DF27EA460300852317 /* Tests_macOSLaunchTests.swift */; };
		158016E127EA460300852317 /* Swastik_appApp.swift in Sources */ = {isa = PBXBuildFile; fileRef = 158016B927EA460000852317 /* Swastik_appApp.swift */; };
		158016E227EA460300852317 /* Swastik_appApp.swift in Sources */ = {isa = PBXBuildFile; fileRef = 158016B927EA460000852317 /* Swastik_appApp.swift */; };
		158016E327EA460300852317 /* ContentView.swift in Sources */ = {isa = PBXBuildFile; fileRef = 158016BA27EA460000852317 /* ContentView.swift */; };
		158016E427EA460300852317 /* ContentView.swift in Sources */ = {isa = PBXBuildFile; fileRef = 158016BA27EA460000852317 /* ContentView.swift */; };
		158016E527EA460300852317 /* Assets.xcassets in Resources */ = {isa = PBXBuildFile; fileRef = 158016BB27EA460300852317 /* Assets.xcassets */; };
		158016E627EA460300852317 /* Assets.xcassets in Resources */ = {isa = PBXBuildFile; fileRef = 158016BB27EA460300852317 /* Assets.xcassets */; };
/* End PBXBuildFile section */

/* Begin PBXContainerItemProxy section */
		158016CE27EA460300852317 /* PBXContainerItemProxy */ = {
			isa = PBXContainerItemProxy;
			containerPortal = 158016B427EA460000852317 /* Project object */;
			proxyType = 1;
			remoteGlobalIDString = 158016BF27EA460300852317;
			remoteInfo = "Swastik_app (iOS)";
		};
		158016DA27EA460300852317 /* PBXContainerItemProxy */ = {
			isa = PBXContainerItemProxy;
			containerPortal = 158016B427EA460000852317 /* Project object */;
			proxyType = 1;
			remoteGlobalIDString = 158016C527EA460300852317;
			remoteInfo = "Swastik_app (macOS)";
		};
/* End PBXContainerItemProxy section */

/* Begin PBXFileReference section */
		158016B927EA460000852317 /* Swastik_appApp.swift */ = {isa = PBXFileReference; lastKnownFileType = sourcecode.swift; path = Swastik_appApp.swift; sourceTree = "<group>"; };
		158016BA27EA460000852317 /* ContentView.swift */ = {isa = PBXFileReference; lastKnownFileType = sourcecode.swift; path = ContentView.swift; sourceTree = "<group>"; };
		158016BB27EA460300852317 /* Assets.xcassets */ = {isa = PBXFileReference; lastKnownFileType = folder.assetcatalog; path = Assets.xcassets; sourceTree = "<group>"; };
		158016C027EA460300852317 /* Swastik_app.app */ = {isa = PBXFileReference; explicitFileType = wrapper.application; includeInIndex = 0; path = Swastik_app.app; sourceTree = BUILT_PRODUCTS_DIR; };
		158016C627EA460300852317 /* Swastik_app.app */ = {isa = PBXFileReference; explicitFileType = wrapper.application; includeInIndex = 0; path = Swastik_app.app; sourceTree = BUILT_PRODUCTS_DIR; };
		158016C827EA460300852317 /* macOS.entitlements */ = {isa = PBXFileReference; lastKnownFileType = text.plist.entitlements; path = macOS.entitlements; sourceTree = "<group>"; };
		158016CD27EA460300852317 /* Tests iOS.xctest */ = {isa = PBXFileReference; explicitFileType = wrapper.cfbundle; includeInIndex = 0; path = "Tests iOS.xctest"; sourceTree = BUILT_PRODUCTS_DIR; };
		158016D127EA460300852317 /* Tests_iOS.swift */ = {isa = PBXFileReference; lastKnownFileType = sourcecode.swift; path = Tests_iOS.swift; sourceTree = "<group>"; };
		158016D327EA460300852317 /* Tests_iOSLaunchTests.swift */ = {isa = PBXFileReference; lastKnownFileType = sourcecode.swift; path = Tests_iOSLaunchTests.swift; sourceTree = "<group>"; };
		158016D927EA460300852317 /* Tests macOS.xctest */ = {isa = PBXFileReference; explicitFileType = wrapper.cfbundle; includeInIndex = 0; path = "Tests macOS.xctest"; sourceTree = BUILT_PRODUCTS_DIR; };
		158016DD27EA460300852317 /* Tests_macOS.swift */ = {isa = PBXFileReference; lastKnownFileType = sourcecode.swift; path = Tests_macOS.swift; sourceTree = "<group>"; };
		158016DF27EA460300852317 /* Tests_macOSLaunchTests.swift */ = {isa = PBXFileReference; lastKnownFileType = sourcecode.swift; path = Tests_macOSLaunchTests.swift; sourceTree = "<group>"; };
/* End PBXFileReference section */

/* Begin PBXFrameworksBuildPhase section */
		158016BD27EA460300852317 /* Frameworks */ = {
			isa = PBXFrameworksBuildPhase;
			buildActionMask = 2147483647;
			files = (
			);
			runOnlyForDeploymentPostprocessing = 0;
		};
		158016C327EA460300852317 /* Frameworks */ = {
			isa = PBXFrameworksBuildPhase;
			buildActionMask = 2147483647;
			files = (
			);
			runOnlyForDeploymentPostprocessing = 0;
		};
		158016CA27EA460300852317 /* Frameworks */ = {
			isa = PBXFrameworksBuildPhase;
			buildActionMask = 2147483647;
			files = (
			);
			runOnlyForDeploymentPostprocessing = 0;
		};
		158016D627EA460300852317 /* Frameworks */ = {
			isa = PBXFrameworksBuildPhase;
			buildActionMask = 2147483647;
			files = (
			);
			runOnlyForDeploymentPostprocessing = 0;
		};
/* End PBXFrameworksBuildPhase section */

/* Begin PBXGroup section */
		158016B327EA460000852317 = {
			isa = PBXGroup;
			children = (
				158016B827EA460000852317 /* Shared */,
				158016C727EA460300852317 /* macOS */,
				158016D027EA460300852317 /* Tests iOS */,
				158016DC27EA460300852317 /* Tests macOS */,
				158016C127EA460300852317 /* Products */,
			);
			sourceTree = "<group>";
		};
		158016B827EA460000852317 /* Shared */ = {
			isa = PBXGroup;
			children = (
				158016B927EA460000852317 /* Swastik_appApp.swift */,
				158016BA27EA460000852317 /* ContentView.swift */,
				158016BB27EA460300852317 /* Assets.xcassets */,
			);
			path = Shared;
			sourceTree = "<group>";
		};
		158016C127EA460300852317 /* Products */ = {
			isa = PBXGroup;
			children = (
				158016C027EA460300852317 /* Swastik_app.app */,
				158016C627EA460300852317 /* Swastik_app.app */,
				158016CD27EA460300852317 /* Tests iOS.xctest */,
				158016D927EA460300852317 /* Tests macOS.xctest */,
			);
			name = Products;
			sourceTree = "<group>";
		};
		158016C727EA460300852317 /* macOS */ = {
			isa = PBXGroup;
			children = (
				158016C827EA460300852317 /* macOS.entitlements */,
			);
			path = macOS;
			sourceTree = "<group>";
		};
		158016D027EA460300852317 /* Tests iOS */ = {
			isa = PBXGroup;
			children = (
				158016D127EA460300852317 /* Tests_iOS.swift */,
				158016D327EA460300852317 /* Tests_iOSLaunchTests.swift */,
			);
			path = "Tests iOS";
			sourceTree = "<group>";
		};
		158016DC27EA460300852317 /* Tests macOS */ = {
			isa = PBXGroup;
			children = (
				158016DD27EA460300852317 /* Tests_macOS.swift */,
				158016DF27EA460300852317 /* Tests_macOSLaunchTests.swift */,
			);
			path = "Tests macOS";
			sourceTree = "<group>";
		};
/* End PBXGroup section */

/* Begin PBXNativeTarget section */
		158016BF27EA460300852317 /* Swastik_app (iOS) */ = {
			isa = PBXNativeTarget;
			buildConfigurationList = 158016E927EA460300852317 /* Build configuration list for PBXNativeTarget "Swastik_app (iOS)" */;
			buildPhases = (
				158016BC27EA460300852317 /* Sources */,
				158016BD27EA460300852317 /* Frameworks */,
				158016BE27EA460300852317 /* Resources */,
			);
			buildRules = (
			);
			dependencies = (
			);
			name = "Swastik_app (iOS)";
			productName = "Swastik_app (iOS)";
			productReference = 158016C027EA460300852317 /* Swastik_app.app */;
			productType = "com.apple.product-type.application";
		};
		158016C527EA460300852317 /* Swastik_app (macOS) */ = {
			isa = PBXNativeTarget;
			buildConfigurationList = 158016EC27EA460300852317 /* Build configuration list for PBXNativeTarget "Swastik_app (macOS)" */;
			buildPhases = (
				158016C227EA460300852317 /* Sources */,
				158016C327EA460300852317 /* Frameworks */,
				158016C427EA460300852317 /* Resources */,
			);
			buildRules = (
			);
			dependencies = (
			);
			name = "Swastik_app (macOS)";
			productName = "Swastik_app (macOS)";
			productReference = 158016C627EA460300852317 /* Swastik_app.app */;
			productType = "com.apple.product-type.application";
		};
		158016CC27EA460300852317 /* Tests iOS */ = {
			isa = PBXNativeTarget;
			buildConfigurationList = 158016EF27EA460300852317 /* Build configuration list for PBXNativeTarget "Tests iOS" */;
			buildPhases = (
				158016C927EA460300852317 /* Sources */,
				158016CA27EA460300852317 /* Frameworks */,
				158016CB27EA460300852317 /* Resources */,
			);
			buildRules = (
			);
			dependencies = (
				158016CF27EA460300852317 /* PBXTargetDependency */,
			);
			name = "Tests iOS";
			productName = "Tests iOS";
			productReference = 158016CD27EA460300852317 /* Tests iOS.xctest */;
			productType = "com.apple.product-type.bundle.ui-testing";
		};
		158016D827EA460300852317 /* Tests macOS */ = {
			isa = PBXNativeTarget;
			buildConfigurationList = 158016F227EA460300852317 /* Build configuration list for PBXNativeTarget "Tests macOS" */;
			buildPhases = (
				158016D527EA460300852317 /* Sources */,
				158016D627EA460300852317 /* Frameworks */,
				158016D727EA460300852317 /* Resources */,
			);
			buildRules = (
			);
			dependencies = (
				158016DB27EA460300852317 /* PBXTargetDependency */,
			);
			name = "Tests macOS";
			productName = "Tests macOS";
			productReference = 158016D927EA460300852317 /* Tests macOS.xctest */;
			productType = "com.apple.product-type.bundle.ui-testing";
		};
/* End PBXNativeTarget section */

/* Begin PBXProject section */
		158016B427EA460000852317 /* Project object */ = {
			isa = PBXProject;
			attributes = {
				BuildIndependentTargetsInParallel = 1;
				LastSwiftUpdateCheck = 1320;
				LastUpgradeCheck = 1320;
				TargetAttributes = {
					158016BF27EA460300852317 = {
						CreatedOnToolsVersion = 13.2.1;
					};
					158016C527EA460300852317 = {
						CreatedOnToolsVersion = 13.2.1;
					};
					158016CC27EA460300852317 = {
						CreatedOnToolsVersion = 13.2.1;
						TestTargetID = 158016BF27EA460300852317;
					};
					158016D827EA460300852317 = {
						CreatedOnToolsVersion = 13.2.1;
						TestTargetID = 158016C527EA460300852317;
					};
				};
			};
			buildConfigurationList = 158016B727EA460000852317 /* Build configuration list for PBXProject "Swastik_app" */;
			compatibilityVersion = "Xcode 13.0";
			developmentRegion = en;
			hasScannedForEncodings = 0;
			knownRegions = (
				en,
				Base,
			);
			mainGroup = 158016B327EA460000852317;
			productRefGroup = 158016C127EA460300852317 /* Products */;
			projectDirPath = "";
			projectRoot = "";
			targets = (
				158016BF27EA460300852317 /* Swastik_app (iOS) */,
				158016C527EA460300852317 /* Swastik_app (macOS) */,
				158016CC27EA460300852317 /* Tests iOS */,
				158016D827EA460300852317 /* Tests macOS */,
			);
		};
/* End PBXProject section */

/* Begin PBXResourcesBuildPhase section */
		158016BE27EA460300852317 /* Resources */ = {
			isa = PBXResourcesBuildPhase;
			buildActionMask = 2147483647;
			files = (
				158016E527EA460300852317 /* Assets.xcassets in Resources */,
			);
			runOnlyForDeploymentPostprocessing = 0;
		};
		158016C427EA460300852317 /* Resources */ = {
			isa = PBXResourcesBuildPhase;
			buildActionMask = 2147483647;
			files = (
				158016E627EA460300852317 /* Assets.xcassets in Resources */,
			);
			runOnlyForDeploymentPostprocessing = 0;
		};
		158016CB27EA460300852317 /* Resources */ = {
			isa = PBXResourcesBuildPhase;
			buildActionMask = 2147483647;
			files = (
			);
			runOnlyForDeploymentPostprocessing = 0;
		};
		158016D727EA460300852317 /* Resources */ = {
			isa = PBXResourcesBuildPhase;
			buildActionMask = 2147483647;
			files = (
			);
			runOnlyForDeploymentPostprocessing = 0;
		};
/* End PBXResourcesBuildPhase section */

/* Begin PBXSourcesBuildPhase section */
		158016BC27EA460300852317 /* Sources */ = {
			isa = PBXSourcesBuildPhase;
			buildActionMask = 2147483647;
			files = (
				158016E327EA460300852317 /* ContentView.swift in Sources */,
				158016E127EA460300852317 /* Swastik_appApp.swift in Sources */,
			);
			runOnlyForDeploymentPostprocessing = 0;
		};
		158016C227EA460300852317 /* Sources */ = {
			isa = PBXSourcesBuildPhase;
			buildActionMask = 2147483647;
			files = (
				158016E427EA460300852317 /* ContentView.swift in Sources */,
				158016E227EA460300852317 /* Swastik_appApp.swift in Sources */,
			);
			runOnlyForDeploymentPostprocessing = 0;
		};
		158016C927EA460300852317 /* Sources */ = {
			isa = PBXSourcesBuildPhase;
			buildActionMask = 2147483647;
			files = (
				158016D427EA460300852317 /* Tests_iOSLaunchTests.swift in Sources */,
				158016D227EA460300852317 /* Tests_iOS.swift in Sources */,
			);
			runOnlyForDeploymentPostprocessing = 0;
		};
		158016D527EA460300852317 /* Sources */ = {
			isa = PBXSourcesBuildPhase;
			buildActionMask = 2147483647;
			files = (
				158016E027EA460300852317 /* Tests_macOSLaunchTests.swift in Sources */,
				158016DE27EA460300852317 /* Tests_macOS.swift in Sources */,
			);
			runOnlyForDeploymentPostprocessing = 0;
		};
/* End PBXSourcesBuildPhase section */

/* Begin PBXTargetDependency section */
		158016CF27EA460300852317 /* PBXTargetDependency */ = {
			isa = PBXTargetDependency;
			target = 158016BF27EA460300852317 /* Swastik_app (iOS) */;
			targetProxy = 158016CE27EA460300852317 /* PBXContainerItemProxy */;
		};
		158016DB27EA460300852317 /* PBXTargetDependency */ = {
			isa = PBXTargetDependency;
			target = 158016C527EA460300852317 /* Swastik_app (macOS) */;
			targetProxy = 158016DA27EA460300852317 /* PBXContainerItemProxy */;
		};
/* End PBXTargetDependency section */

/* Begin XCBuildConfiguration section */
		158016E727EA460300852317 /* Debug */ = {
			isa = XCBuildConfiguration;
			buildSettings = {
				ALWAYS_SEARCH_USER_PATHS = NO;
				CLANG_ANALYZER_NONNULL = YES;
				CLANG_ANALYZER_NUMBER_OBJECT_CONVERSION = YES_AGGRESSIVE;
				CLANG_CXX_LANGUAGE_STANDARD = "gnu++17";
				CLANG_CXX_LIBRARY = "libc++";
				CLANG_ENABLE_MODULES = YES;
				CLANG_ENABLE_OBJC_ARC = YES;
				CLANG_ENABLE_OBJC_WEAK = YES;
				CLANG_WARN_BLOCK_CAPTURE_AUTORELEASING = YES;
				CLANG_WARN_BOOL_CONVERSION = YES;
				CLANG_WARN_COMMA = YES;
				CLANG_WARN_CONSTANT_CONVERSION = YES;
				CLANG_WARN_DEPRECATED_OBJC_IMPLEMENTATIONS = YES;
				CLANG_WARN_DIRECT_OBJC_ISA_USAGE = YES_ERROR;
				CLANG_WARN_DOCUMENTATION_COMMENTS = YES;
				CLANG_WARN_EMPTY_BODY = YES;
				CLANG_WARN_ENUM_CONVERSION = YES;
				CLANG_WARN_INFINITE_RECURSION = YES;
				CLANG_WARN_INT_CONVERSION = YES;
				CLANG_WARN_NON_LITERAL_NULL_CONVERSION = YES;
				CLANG_WARN_OBJC_IMPLICIT_RETAIN_SELF = YES;
				CLANG_WARN_OBJC_LITERAL_CONVERSION = YES;
				CLANG_WARN_OBJC_ROOT_CLASS = YES_ERROR;
				CLANG_WARN_QUOTED_INCLUDE_IN_FRAMEWORK_HEADER = YES;
				CLANG_WARN_RANGE_LOOP_ANALYSIS = YES;
				CLANG_WARN_STRICT_PROTOTYPES = YES;
				CLANG_WARN_SUSPICIOUS_MOVE = YES;
				CLANG_WARN_UNGUARDED_AVAILABILITY = YES_AGGRESSIVE;
				CLANG_WARN_UNREACHABLE_CODE = YES;
				CLANG_WARN__DUPLICATE_METHOD_MATCH = YES;
				COPY_PHASE_STRIP = NO;
				DEBUG_INFORMATION_FORMAT = dwarf;
				ENABLE_STRICT_OBJC_MSGSEND = YES;
				ENABLE_TESTABILITY = YES;
				GCC_C_LANGUAGE_STANDARD = gnu11;
				GCC_DYNAMIC_NO_PIC = NO;
				GCC_NO_COMMON_BLOCKS = YES;
				GCC_OPTIMIZATION_LEVEL = 0;
				GCC_PREPROCESSOR_DEFINITIONS = (
					"DEBUG=1",
					"$(inherited)",
				);
				GCC_WARN_64_TO_32_BIT_CONVERSION = YES;
				GCC_WARN_ABOUT_RETURN_TYPE = YES_ERROR;
				GCC_WARN_UNDECLARED_SELECTOR = YES;
				GCC_WARN_UNINITIALIZED_AUTOS = YES_AGGRESSIVE;
				GCC_WARN_UNUSED_FUNCTION = YES;
				GCC_WARN_UNUSED_VARIABLE = YES;
				MTL_ENABLE_DEBUG_INFO = INCLUDE_SOURCE;
				MTL_FAST_MATH = YES;
				ONLY_ACTIVE_ARCH = YES;
				SWIFT_ACTIVE_COMPILATION_CONDITIONS = DEBUG;
				SWIFT_OPTIMIZATION_LEVEL = "-Onone";
			};
			name = Debug;
		};
		158016E827EA460300852317 /* Release */ = {
			isa = XCBuildConfiguration;
			buildSettings = {
				ALWAYS_SEARCH_USER_PATHS = NO;
				CLANG_ANALYZER_NONNULL = YES;
				CLANG_ANALYZER_NUMBER_OBJECT_CONVERSION = YES_AGGRESSIVE;
				CLANG_CXX_LANGUAGE_STANDARD = "gnu++17";
				CLANG_CXX_LIBRARY = "libc++";
				CLANG_ENABLE_MODULES = YES;
				CLANG_ENABLE_OBJC_ARC = YES;
				CLANG_ENABLE_OBJC_WEAK = YES;
				CLANG_WARN_BLOCK_CAPTURE_AUTORELEASING = YES;
				CLANG_WARN_BOOL_CONVERSION = YES;
				CLANG_WARN_COMMA = YES;
				CLANG_WARN_CONSTANT_CONVERSION = YES;
				CLANG_WARN_DEPRECATED_OBJC_IMPLEMENTATIONS = YES;
				CLANG_WARN_DIRECT_OBJC_ISA_USAGE = YES_ERROR;
				CLANG_WARN_DOCUMENTATION_COMMENTS = YES;
				CLANG_WARN_EMPTY_BODY = YES;
				CLANG_WARN_ENUM_CONVERSION = YES;
				CLANG_WARN_INFINITE_RECURSION = YES;
				CLANG_WARN_INT_CONVERSION = YES;
				CLANG_WARN_NON_LITERAL_NULL_CONVERSION = YES;
				CLANG_WARN_OBJC_IMPLICIT_RETAIN_SELF = YES;
				CLANG_WARN_OBJC_LITERAL_CONVERSION = YES;
				CLANG_WARN_OBJC_ROOT_CLASS = YES_ERROR;
				CLANG_WARN_QUOTED_INCLUDE_IN_FRAMEWORK_HEADER = YES;
				CLANG_WARN_RANGE_LOOP_ANALYSIS = YES;
				CLANG_WARN_STRICT_PROTOTYPES = YES;
				CLANG_WARN_SUSPICIOUS_MOVE = YES;
				CLANG_WARN_UNGUARDED_AVAILABILITY = YES_AGGRESSIVE;
				CLANG_WARN_UNREACHABLE_CODE = YES;
				CLANG_WARN__DUPLICATE_METHOD_MATCH = YES;
				COPY_PHASE_STRIP = NO;
				DEBUG_INFORMATION_FORMAT = "dwarf-with-dsym";
				ENABLE_NS_ASSERTIONS = NO;
				ENABLE_STRICT_OBJC_MSGSEND = YES;
				GCC_C_LANGUAGE_STANDARD = gnu11;
				GCC_NO_COMMON_BLOCKS = YES;
				GCC_WARN_64_TO_32_BIT_CONVERSION = YES;
				GCC_WARN_ABOUT_RETURN_TYPE = YES_ERROR;
				GCC_WARN_UNDECLARED_SELECTOR = YES;
				GCC_WARN_UNINITIALIZED_AUTOS = YES_AGGRESSIVE;
				GCC_WARN_UNUSED_FUNCTION = YES;
				GCC_WARN_UNUSED_VARIABLE = YES;
				MTL_ENABLE_DEBUG_INFO = NO;
				MTL_FAST_MATH = YES;
				SWIFT_COMPILATION_MODE = wholemodule;
				SWIFT_OPTIMIZATION_LEVEL = "-O";
			};
			name = Release;
		};
		158016EA27EA460300852317 /* Debug */ = {
			isa = XCBuildConfiguration;
			buildSettings = {
				ASSETCATALOG_COMPILER_APPICON_NAME = AppIcon;
				ASSETCATALOG_COMPILER_GLOBAL_ACCENT_COLOR_NAME = AccentColor;
				CODE_SIGN_STYLE = Automatic;
				CURRENT_PROJECT_VERSION = 1;
				DEVELOPMENT_TEAM = 686SVL2ZYS;
				ENABLE_PREVIEWS = YES;
				GENERATE_INFOPLIST_FILE = YES;
				INFOPLIST_KEY_UIApplicationSceneManifest_Generation = YES;
				INFOPLIST_KEY_UIApplicationSupportsIndirectInputEvents = YES;
				INFOPLIST_KEY_UILaunchScreen_Generation = YES;
				INFOPLIST_KEY_UISupportedInterfaceOrientations_iPad = "UIInterfaceOrientationPortrait UIInterfaceOrientationPortraitUpsideDown UIInterfaceOrientationLandscapeLeft UIInterfaceOrientationLandscapeRight";
				INFOPLIST_KEY_UISupportedInterfaceOrientations_iPhone = "UIInterfaceOrientationPortrait UIInterfaceOrientationLandscapeLeft UIInterfaceOrientationLandscapeRight";
				IPHONEOS_DEPLOYMENT_TARGET = 15.2;
				LD_RUNPATH_SEARCH_PATHS = (
					"$(inherited)",
					"@executable_path/Frameworks",
				);
				MARKETING_VERSION = 1.0;
				PRODUCT_BUNDLE_IDENTIFIER = "com.abhizaan.Swastik-app";
				PRODUCT_NAME = Swastik_app;
				SDKROOT = iphoneos;
				SWIFT_EMIT_LOC_STRINGS = YES;
				SWIFT_VERSION = 5.0;
				TARGETED_DEVICE_FAMILY = "1,2";
			};
			name = Debug;
		};
		158016EB27EA460300852317 /* Release */ = {
			isa = XCBuildConfiguration;
			buildSettings = {
				ASSETCATALOG_COMPILER_APPICON_NAME = AppIcon;
				ASSETCATALOG_COMPILER_GLOBAL_ACCENT_COLOR_NAME = AccentColor;
				CODE_SIGN_STYLE = Automatic;
				CURRENT_PROJECT_VERSION = 1;
				DEVELOPMENT_TEAM = 686SVL2ZYS;
				ENABLE_PREVIEWS = YES;
				GENERATE_INFOPLIST_FILE = YES;
				INFOPLIST_KEY_UIApplicationSceneManifest_Generation = YES;
				INFOPLIST_KEY_UIApplicationSupportsIndirectInputEvents = YES;
				INFOPLIST_KEY_UILaunchScreen_Generation = YES;
				INFOPLIST_KEY_UISupportedInterfaceOrientations_iPad = "UIInterfaceOrientationPortrait UIInterfaceOrientationPortraitUpsideDown UIInterfaceOrientationLandscapeLeft UIInterfaceOrientationLandscapeRight";
				INFOPLIST_KEY_UISupportedInterfaceOrientations_iPhone = "UIInterfaceOrientationPortrait UIInterfaceOrientationLandscapeLeft UIInterfaceOrientationLandscapeRight";
				IPHONEOS_DEPLOYMENT_TARGET = 15.2;
				LD_RUNPATH_SEARCH_PATHS = (
					"$(inherited)",
					"@executable_path/Frameworks",
				);
				MARKETING_VERSION = 1.0;
				PRODUCT_BUNDLE_IDENTIFIER = "com.abhizaan.Swastik-app";
				PRODUCT_NAME = Swastik_app;
				SDKROOT = iphoneos;
				SWIFT_EMIT_LOC_STRINGS = YES;
				SWIFT_VERSION = 5.0;
				TARGETED_DEVICE_FAMILY = "1,2";
				VALIDATE_PRODUCT = YES;
			};
			name = Release;
		};
		158016ED27EA460300852317 /* Debug */ = {
			isa = XCBuildConfiguration;
			buildSettings = {
				ASSETCATALOG_COMPILER_APPICON_NAME = AppIcon;
				ASSETCATALOG_COMPILER_GLOBAL_ACCENT_COLOR_NAME = AccentColor;
				CODE_SIGN_ENTITLEMENTS = macOS/macOS.entitlements;
				CODE_SIGN_STYLE = Automatic;
				COMBINE_HIDPI_IMAGES = YES;
				CURRENT_PROJECT_VERSION = 1;
				DEVELOPMENT_TEAM = 686SVL2ZYS;
				ENABLE_HARDENED_RUNTIME = YES;
				ENABLE_PREVIEWS = YES;
				GENERATE_INFOPLIST_FILE = YES;
				INFOPLIST_KEY_NSHumanReadableCopyright = "";
				LD_RUNPATH_SEARCH_PATHS = (
					"$(inherited)",
					"@executable_path/../Frameworks",
				);
				MACOSX_DEPLOYMENT_TARGET = 12.1;
				MARKETING_VERSION = 1.0;
				PRODUCT_BUNDLE_IDENTIFIER = "com.abhizaan.Swastik-app";
				PRODUCT_NAME = Swastik_app;
				SDKROOT = macosx;
				SWIFT_EMIT_LOC_STRINGS = YES;
				SWIFT_VERSION = 5.0;
			};
			name = Debug;
		};
		158016EE27EA460300852317 /* Release */ = {
			isa = XCBuildConfiguration;
			buildSettings = {
				ASSETCATALOG_COMPILER_APPICON_NAME = AppIcon;
				ASSETCATALOG_COMPILER_GLOBAL_ACCENT_COLOR_NAME = AccentColor;
				CODE_SIGN_ENTITLEMENTS = macOS/macOS.entitlements;
				CODE_SIGN_STYLE = Automatic;
				COMBINE_HIDPI_IMAGES = YES;
				CURRENT_PROJECT_VERSION = 1;
				DEVELOPMENT_TEAM = 686SVL2ZYS;
				ENABLE_HARDENED_RUNTIME = YES;
				ENABLE_PREVIEWS = YES;
				GENERATE_INFOPLIST_FILE = YES;
				INFOPLIST_KEY_NSHumanReadableCopyright = "";
				LD_RUNPATH_SEARCH_PATHS = (
					"$(inherited)",
					"@executable_path/../Frameworks",
				);
				MACOSX_DEPLOYMENT_TARGET = 12.1;
				MARKETING_VERSION = 1.0;
				PRODUCT_BUNDLE_IDENTIFIER = "com.abhizaan.Swastik-app";
				PRODUCT_NAME = Swastik_app;
				SDKROOT = macosx;
				SWIFT_EMIT_LOC_STRINGS = YES;
				SWIFT_VERSION = 5.0;
			};
			name = Release;
		};
		158016F027EA460300852317 /* Debug */ = {
			isa = XCBuildConfiguration;
			buildSettings = {
				ALWAYS_EMBED_SWIFT_STANDARD_LIBRARIES = YES;
				CODE_SIGN_STYLE = Automatic;
				CURRENT_PROJECT_VERSION = 1;
				DEVELOPMENT_TEAM = 686SVL2ZYS;
				GENERATE_INFOPLIST_FILE = YES;
				IPHONEOS_DEPLOYMENT_TARGET = 15.2;
				MARKETING_VERSION = 1.0;
				PRODUCT_BUNDLE_IDENTIFIER = "com.abhizaan.Tests-iOS";
				PRODUCT_NAME = "$(TARGET_NAME)";
				SDKROOT = iphoneos;
				SWIFT_EMIT_LOC_STRINGS = NO;
				SWIFT_VERSION = 5.0;
				TARGETED_DEVICE_FAMILY = "1,2";
				TEST_TARGET_NAME = "Swastik_app (iOS)";
			};
			name = Debug;
		};
		158016F127EA460300852317 /* Release */ = {
			isa = XCBuildConfiguration;
			buildSettings = {
				ALWAYS_EMBED_SWIFT_STANDARD_LIBRARIES = YES;
				CODE_SIGN_STYLE = Automatic;
				CURRENT_PROJECT_VERSION = 1;
				DEVELOPMENT_TEAM = 686SVL2ZYS;
				GENERATE_INFOPLIST_FILE = YES;
				IPHONEOS_DEPLOYMENT_TARGET = 15.2;
				MARKETING_VERSION = 1.0;
				PRODUCT_BUNDLE_IDENTIFIER = "com.abhizaan.Tests-iOS";
				PRODUCT_NAME = "$(TARGET_NAME)";
				SDKROOT = iphoneos;
				SWIFT_EMIT_LOC_STRINGS = NO;
				SWIFT_VERSION = 5.0;
				TARGETED_DEVICE_FAMILY = "1,2";
				TEST_TARGET_NAME = "Swastik_app (iOS)";
				VALIDATE_PRODUCT = YES;
			};
			name = Release;
		};
		158016F327EA460300852317 /* Debug */ = {
			isa = XCBuildConfiguration;
			buildSettings = {
				ALWAYS_EMBED_SWIFT_STANDARD_LIBRARIES = YES;
				CODE_SIGN_STYLE = Automatic;
				CURRENT_PROJECT_VERSION = 1;
				DEVELOPMENT_TEAM = 686SVL2ZYS;
				GENERATE_INFOPLIST_FILE = YES;
				MACOSX_DEPLOYMENT_TARGET = 12.1;
				MARKETING_VERSION = 1.0;
				PRODUCT_BUNDLE_IDENTIFIER = "com.abhizaan.Tests-macOS";
				PRODUCT_NAME = "$(TARGET_NAME)";
				SDKROOT = macosx;
				SWIFT_EMIT_LOC_STRINGS = NO;
				SWIFT_VERSION = 5.0;
				TEST_TARGET_NAME = "Swastik_app (macOS)";
			};
			name = Debug;
		};
		158016F427EA460300852317 /* Release */ = {
			isa = XCBuildConfiguration;
			buildSettings = {
				ALWAYS_EMBED_SWIFT_STANDARD_LIBRARIES = YES;
				CODE_SIGN_STYLE = Automatic;
				CURRENT_PROJECT_VERSION = 1;
				DEVELOPMENT_TEAM = 686SVL2ZYS;
				GENERATE_INFOPLIST_FILE = YES;
				MACOSX_DEPLOYMENT_TARGET = 12.1;
				MARKETING_VERSION = 1.0;
				PRODUCT_BUNDLE_IDENTIFIER = "com.abhizaan.Tests-macOS";
				PRODUCT_NAME = "$(TARGET_NAME)";
				SDKROOT = macosx;
				SWIFT_EMIT_LOC_STRINGS = NO;
				SWIFT_VERSION = 5.0;
				TEST_TARGET_NAME = "Swastik_app (macOS)";
			};
			name = Release;
		};
/* End XCBuildConfiguration section */

/* Begin XCConfigurationList section */
		158016B727EA460000852317 /* Build configuration list for PBXProject "Swastik_app" */ = {
			isa = XCConfigurationList;
			buildConfigurations = (
				158016E727EA460300852317 /* Debug */,
				158016E827EA460300852317 /* Release */,
			);
			defaultConfigurationIsVisible = 0;
			defaultConfigurationName = Release;
		};
		158016E927EA460300852317 /* Build configuration list for PBXNativeTarget "Swastik_app (iOS)" */ = {
			isa = XCConfigurationList;
			buildConfigurations = (
				158016EA27EA460300852317 /* Debug */,
				158016EB27EA460300852317 /* Release */,
			);
			defaultConfigurationIsVisible = 0;
			defaultConfigurationName = Release;
		};
		158016EC27EA460300852317 /* Build configuration list for PBXNativeTarget "Swastik_app (macOS)" */ = {
			isa = XCConfigurationList;
			buildConfigurations = (
				158016ED27EA460300852317 /* Debug */,
				158016EE27EA460300852317 /* Release */,
			);
			defaultConfigurationIsVisible = 0;
			defaultConfigurationName = Release;
		};
		158016EF27EA460300852317 /* Build configuration list for PBXNativeTarget "Tests iOS" */ = {
			isa = XCConfigurationList;
			buildConfigurations = (
				158016F027EA460300852317 /* Debug */,
				158016F127EA460300852317 /* Release */,
			);
			defaultConfigurationIsVisible = 0;
			defaultConfigurationName = Release;
		};
		158016F227EA460300852317 /* Build configuration list for PBXNativeTarget "Tests macOS" */ = {
			isa = XCConfigurationList;
			buildConfigurations = (
				158016F327EA460300852317 /* Debug */,
				158016F427EA460300852317 /* Release */,
			);
			defaultConfigurationIsVisible = 0;
			defaultConfigurationName = Release;
		};
/* End XCConfigurationList section */
	};
	rootObject = 158016B427EA460000852317 /* Project object */;
}
